
Microsoft Visual Studio Solution File, Format Version 12.00
# Visual Studio Version 17
VisualStudioVersion = 17.14.36109.1 d17.14
MinimumVisualStudioVersion = 10.0.40219.1
Project("{FAE04EC0-301F-11D3-BF4B-00C04F79EFBC}") = "Superfarmer", "Superfarmer\Superfarmer.csproj", "{AAFE66C4-DFF3-44CF-89C0-4211C7934EFF}"
EndProject
Project("{FAE04EC0-301F-11D3-BF4B-00C04F79EFBC}") = "Superfarmer.Tests", "Superfarmer.Tests\Superfarmer.Tests.csproj", "{46AB5122-2AC4-4C81-B351-4C4269DA5DB1}"
EndProject
Global
	GlobalSection(SolutionConfigurationPlatforms) = preSolution
		Debug|Any CPU = Debug|Any CPU
		Release|Any CPU = Release|Any CPU
	EndGlobalSection
	GlobalSection(ProjectConfigurationPlatforms) = postSolution
		{AAFE66C4-DFF3-44CF-89C0-4211C7934EFF}.Debug|Any CPU.ActiveCfg = Debug|Any CPU
		{AAFE66C4-DFF3-44CF-89C0-4211C7934EFF}.Debug|Any CPU.Build.0 = Debug|Any CPU
		{AAFE66C4-DFF3-44CF-89C0-4211C7934EFF}.Release|Any CPU.ActiveCfg = Release|Any CPU
		{AAFE66C4-DFF3-44CF-89C0-4211C7934EFF}.Release|Any CPU.Build.0 = Release|Any CPU
		{46AB5122-2AC4-4C81-B351-4C4269DA5DB1}.Debug|Any CPU.ActiveCfg = Debug|Any CPU
		{46AB5122-2AC4-4C81-B351-4C4269DA5DB1}.Debug|Any CPU.Build.0 = Debug|Any CPU
		{46AB5122-2AC4-4C81-B351-4C4269DA5DB1}.Release|Any CPU.ActiveCfg = Release|Any CPU
		{46AB5122-2AC4-4C81-B351-4C4269DA5DB1}.Release|Any CPU.Build.0 = Release|Any CPU
	EndGlobalSection
	GlobalSection(SolutionProperties) = preSolution
		HideSolutionNode = FALSE
	EndGlobalSection
	GlobalSection(ExtensibilityGlobals) = postSolution
		SolutionGuid = {9599EB85-C999-4D35-B366-E0EEA5E8657D}
	EndGlobalSection
EndGlobal
